// !$*UTF8*$!
{
	archiveVersion = 1;
	classes = {
	};
	objectVersion = 46;
	objects = {

/* Begin PBXBuildFile section */
		1204D5E617E34C6E004BBA73 /* AsyncImageView.m in Sources */ = {isa = PBXBuildFile; fileRef = 1204D5E517E34C6E004BBA73 /* AsyncImageView.m */; };
		120B324917E1F3560036CDF0 /* QuartzCore.framework in Frameworks */ = {isa = PBXBuildFile; fileRef = 120B324817E1F3560036CDF0 /* QuartzCore.framework */; };
		1244BDDA17E05C87001D610D /* GamePickerViewController.m in Sources */ = {isa = PBXBuildFile; fileRef = 1244BDD917E05C87001D610D /* GamePickerViewController.m */; };
		1244BDDD17E099A6001D610D /* PDetailViewController.m in Sources */ = {isa = PBXBuildFile; fileRef = 1244BDDC17E099A6001D610D /* PDetailViewController.m */; };
		124DF0E817DF55F900EB11C1 /* UIKit.framework in Frameworks */ = {isa = PBXBuildFile; fileRef = 124DF0E717DF55F900EB11C1 /* UIKit.framework */; };
		124DF0EA17DF55F900EB11C1 /* Foundation.framework in Frameworks */ = {isa = PBXBuildFile; fileRef = 124DF0E917DF55F900EB11C1 /* Foundation.framework */; };
		124DF0EC17DF55F900EB11C1 /* CoreGraphics.framework in Frameworks */ = {isa = PBXBuildFile; fileRef = 124DF0EB17DF55F900EB11C1 /* CoreGraphics.framework */; };
		124DF0F217DF55F900EB11C1 /* InfoPlist.strings in Resources */ = {isa = PBXBuildFile; fileRef = 124DF0F017DF55F900EB11C1 /* InfoPlist.strings */; };
		124DF0F417DF55F900EB11C1 /* main.m in Sources */ = {isa = PBXBuildFile; fileRef = 124DF0F317DF55F900EB11C1 /* main.m */; };
		124DF0F817DF55F900EB11C1 /* AppDelegate.m in Sources */ = {isa = PBXBuildFile; fileRef = 124DF0F717DF55F900EB11C1 /* AppDelegate.m */; };
		124DF0FA17DF55F900EB11C1 /* Default.png in Resources */ = {isa = PBXBuildFile; fileRef = 124DF0F917DF55F900EB11C1 /* Default.png */; };
		124DF0FC17DF55F900EB11C1 /* Default@2x.png in Resources */ = {isa = PBXBuildFile; fileRef = 124DF0FB17DF55F900EB11C1 /* Default@2x.png */; };
		124DF0FE17DF55F900EB11C1 /* Default-568h@2x.png in Resources */ = {isa = PBXBuildFile; fileRef = 124DF0FD17DF55F900EB11C1 /* Default-568h@2x.png */; };
		124DF10117DF55F900EB11C1 /* MainStoryboard.storyboard in Resources */ = {isa = PBXBuildFile; fileRef = 124DF0FF17DF55F900EB11C1 /* MainStoryboard.storyboard */; };
		124DF10417DF55F900EB11C1 /* ViewController.m in Sources */ = {isa = PBXBuildFile; fileRef = 124DF10317DF55F900EB11C1 /* ViewController.m */; };
		124DF12317DF5EA000EB11C1 /* 1Star.png in Resources */ = {isa = PBXBuildFile; fileRef = 124DF10B17DF5EA000EB11C1 /* 1Star.png */; };
		124DF12417DF5EA000EB11C1 /* 1Star@2x.png in Resources */ = {isa = PBXBuildFile; fileRef = 124DF10C17DF5EA000EB11C1 /* 1Star@2x.png */; };
		124DF12517DF5EA000EB11C1 /* 1StarSmall.png in Resources */ = {isa = PBXBuildFile; fileRef = 124DF10D17DF5EA000EB11C1 /* 1StarSmall.png */; };
		124DF12617DF5EA000EB11C1 /* 1StarSmall@2x.png in Resources */ = {isa = PBXBuildFile; fileRef = 124DF10E17DF5EA000EB11C1 /* 1StarSmall@2x.png */; };
		124DF12717DF5EA000EB11C1 /* 2Stars.png in Resources */ = {isa = PBXBuildFile; fileRef = 124DF10F17DF5EA000EB11C1 /* 2Stars.png */; };
		124DF12817DF5EA000EB11C1 /* 2Stars@2x.png in Resources */ = {isa = PBXBuildFile; fileRef = 124DF11017DF5EA000EB11C1 /* 2Stars@2x.png */; };
		124DF12917DF5EA000EB11C1 /* 2StarsSmall.png in Resources */ = {isa = PBXBuildFile; fileRef = 124DF11117DF5EA000EB11C1 /* 2StarsSmall.png */; };
		124DF12A17DF5EA000EB11C1 /* 2StarsSmall@2x.png in Resources */ = {isa = PBXBuildFile; fileRef = 124DF11217DF5EA000EB11C1 /* 2StarsSmall@2x.png */; };
		124DF12B17DF5EA000EB11C1 /* 3Stars.png in Resources */ = {isa = PBXBuildFile; fileRef = 124DF11317DF5EA000EB11C1 /* 3Stars.png */; };
		124DF12C17DF5EA000EB11C1 /* 3Stars@2x.png in Resources */ = {isa = PBXBuildFile; fileRef = 124DF11417DF5EA000EB11C1 /* 3Stars@2x.png */; };
		124DF12D17DF5EA000EB11C1 /* 3StarsSmall.png in Resources */ = {isa = PBXBuildFile; fileRef = 124DF11517DF5EA000EB11C1 /* 3StarsSmall.png */; };
		124DF12E17DF5EA000EB11C1 /* 3StarsSmall@2x.png in Resources */ = {isa = PBXBuildFile; fileRef = 124DF11617DF5EA000EB11C1 /* 3StarsSmall@2x.png */; };
		124DF12F17DF5EA000EB11C1 /* 4Stars.png in Resources */ = {isa = PBXBuildFile; fileRef = 124DF11717DF5EA000EB11C1 /* 4Stars.png */; };
		124DF13017DF5EA000EB11C1 /* 4Stars@2x.png in Resources */ = {isa = PBXBuildFile; fileRef = 124DF11817DF5EA000EB11C1 /* 4Stars@2x.png */; };
		124DF13117DF5EA000EB11C1 /* 4StarsSmall.png in Resources */ = {isa = PBXBuildFile; fileRef = 124DF11917DF5EA000EB11C1 /* 4StarsSmall.png */; };
		124DF13217DF5EA000EB11C1 /* 4StarsSmall@2x.png in Resources */ = {isa = PBXBuildFile; fileRef = 124DF11A17DF5EA000EB11C1 /* 4StarsSmall@2x.png */; };
		124DF13317DF5EA000EB11C1 /* 5Stars.png in Resources */ = {isa = PBXBuildFile; fileRef = 124DF11B17DF5EA000EB11C1 /* 5Stars.png */; };
		124DF13417DF5EA000EB11C1 /* 5Stars@2x.png in Resources */ = {isa = PBXBuildFile; fileRef = 124DF11C17DF5EA000EB11C1 /* 5Stars@2x.png */; };
		124DF13517DF5EA000EB11C1 /* 5StarsSmall.png in Resources */ = {isa = PBXBuildFile; fileRef = 124DF11D17DF5EA000EB11C1 /* 5StarsSmall.png */; };
		124DF13617DF5EA000EB11C1 /* 5StarsSmall@2x.png in Resources */ = {isa = PBXBuildFile; fileRef = 124DF11E17DF5EA000EB11C1 /* 5StarsSmall@2x.png */; };
		124DF13717DF5EA000EB11C1 /* Gestures.png in Resources */ = {isa = PBXBuildFile; fileRef = 124DF11F17DF5EA000EB11C1 /* Gestures.png */; };
		124DF13817DF5EA000EB11C1 /* Gestures@2x.png in Resources */ = {isa = PBXBuildFile; fileRef = 124DF12017DF5EA000EB11C1 /* Gestures@2x.png */; };
		124DF13917DF5EA000EB11C1 /* Players.png in Resources */ = {isa = PBXBuildFile; fileRef = 124DF12117DF5EA000EB11C1 /* Players.png */; };
		124DF13A17DF5EA000EB11C1 /* Players@2x.png in Resources */ = {isa = PBXBuildFile; fileRef = 124DF12217DF5EA000EB11C1 /* Players@2x.png */; };
		124DF13D17DF60F200EB11C1 /* PlayersViewController.m in Sources */ = {isa = PBXBuildFile; fileRef = 124DF13C17DF60F200EB11C1 /* PlayersViewController.m */; };
		124DF14017DF61CD00EB11C1 /* Player.m in Sources */ = {isa = PBXBuildFile; fileRef = 124DF13F17DF61CD00EB11C1 /* Player.m */; };
		124DF14317DF73AA00EB11C1 /* PlayerCell.m in Sources */ = {isa = PBXBuildFile; fileRef = 124DF14217DF73AA00EB11C1 /* PlayerCell.m */; };
		124DF14617DF793900EB11C1 /* PlayerDetailsViewController.m in Sources */ = {isa = PBXBuildFile; fileRef = 124DF14517DF793900EB11C1 /* PlayerDetailsViewController.m */; };
		12F176CE17E89EA40087CC5D /* MFSideMenuContainerViewController.m in Sources */ = {isa = PBXBuildFile; fileRef = 12F176C917E89EA40087CC5D /* MFSideMenuContainerViewController.m */; };
		12F176CF17E89EA40087CC5D /* MFSideMenuShadow.m in Sources */ = {isa = PBXBuildFile; fileRef = 12F176CB17E89EA40087CC5D /* MFSideMenuShadow.m */; };
		12F176D017E89EA40087CC5D /* UIViewController+MFSideMenuAdditions.m in Sources */ = {isa = PBXBuildFile; fileRef = 12F176CD17E89EA40087CC5D /* UIViewController+MFSideMenuAdditions.m */; };
/* End PBXBuildFile section */

/* Begin PBXFileReference section */
		1204D5E417E34C6E004BBA73 /* AsyncImageView.h */ = {isa = PBXFileReference; fileEncoding = 4; lastKnownFileType = sourcecode.c.h; name = AsyncImageView.h; path = AsyncImageView/AsyncImageView.h; sourceTree = "<group>"; };
		1204D5E517E34C6E004BBA73 /* AsyncImageView.m */ = {isa = PBXFileReference; fileEncoding = 4; lastKnownFileType = sourcecode.c.objc; name = AsyncImageView.m; path = AsyncImageView/AsyncImageView.m; sourceTree = "<group>"; };
		120B324817E1F3560036CDF0 /* QuartzCore.framework */ = {isa = PBXFileReference; lastKnownFileType = wrapper.framework; name = QuartzCore.framework; path = System/Library/Frameworks/QuartzCore.framework; sourceTree = SDKROOT; };
		1244BDD817E05C87001D610D /* GamePickerViewController.h */ = {isa = PBXFileReference; fileEncoding = 4; lastKnownFileType = sourcecode.c.h; path = GamePickerViewController.h; sourceTree = "<group>"; };
		1244BDD917E05C87001D610D /* GamePickerViewController.m */ = {isa = PBXFileReference; fileEncoding = 4; lastKnownFileType = sourcecode.c.objc; path = GamePickerViewController.m; sourceTree = "<group>"; };
		1244BDDB17E099A6001D610D /* PDetailViewController.h */ = {isa = PBXFileReference; fileEncoding = 4; lastKnownFileType = sourcecode.c.h; path = PDetailViewController.h; sourceTree = "<group>"; };
		1244BDDC17E099A6001D610D /* PDetailViewController.m */ = {isa = PBXFileReference; fileEncoding = 4; lastKnownFileType = sourcecode.c.objc; path = PDetailViewController.m; sourceTree = "<group>"; };
		124DF0E417DF55F900EB11C1 /* Ratings.app */ = {isa = PBXFileReference; explicitFileType = wrapper.application; includeInIndex = 0; path = Ratings.app; sourceTree = BUILT_PRODUCTS_DIR; };
		124DF0E717DF55F900EB11C1 /* UIKit.framework */ = {isa = PBXFileReference; lastKnownFileType = wrapper.framework; name = UIKit.framework; path = System/Library/Frameworks/UIKit.framework; sourceTree = SDKROOT; };
		124DF0E917DF55F900EB11C1 /* Foundation.framework */ = {isa = PBXFileReference; lastKnownFileType = wrapper.framework; name = Foundation.framework; path = System/Library/Frameworks/Foundation.framework; sourceTree = SDKROOT; };
		124DF0EB17DF55F900EB11C1 /* CoreGraphics.framework */ = {isa = PBXFileReference; lastKnownFileType = wrapper.framework; name = CoreGraphics.framework; path = System/Library/Frameworks/CoreGraphics.framework; sourceTree = SDKROOT; };
		124DF0EF17DF55F900EB11C1 /* Ratings-Info.plist */ = {isa = PBXFileReference; lastKnownFileType = text.plist.xml; path = "Ratings-Info.plist"; sourceTree = "<group>"; };
		124DF0F117DF55F900EB11C1 /* en */ = {isa = PBXFileReference; lastKnownFileType = text.plist.strings; name = en; path = en.lproj/InfoPlist.strings; sourceTree = "<group>"; };
		124DF0F317DF55F900EB11C1 /* main.m */ = {isa = PBXFileReference; lastKnownFileType = sourcecode.c.objc; path = main.m; sourceTree = "<group>"; };
		124DF0F517DF55F900EB11C1 /* Ratings-Prefix.pch */ = {isa = PBXFileReference; lastKnownFileType = sourcecode.c.h; path = "Ratings-Prefix.pch"; sourceTree = "<group>"; };
		124DF0F617DF55F900EB11C1 /* AppDelegate.h */ = {isa = PBXFileReference; lastKnownFileType = sourcecode.c.h; path = AppDelegate.h; sourceTree = "<group>"; };
		124DF0F717DF55F900EB11C1 /* AppDelegate.m */ = {isa = PBXFileReference; lastKnownFileType = sourcecode.c.objc; path = AppDelegate.m; sourceTree = "<group>"; };
		124DF0F917DF55F900EB11C1 /* Default.png */ = {isa = PBXFileReference; lastKnownFileType = image.png; path = Default.png; sourceTree = "<group>"; };
		124DF0FB17DF55F900EB11C1 /* Default@2x.png */ = {isa = PBXFileReference; lastKnownFileType = image.png; path = "Default@2x.png"; sourceTree = "<group>"; };
		124DF0FD17DF55F900EB11C1 /* Default-568h@2x.png */ = {isa = PBXFileReference; lastKnownFileType = image.png; path = "Default-568h@2x.png"; sourceTree = "<group>"; };
		124DF10017DF55F900EB11C1 /* en */ = {isa = PBXFileReference; lastKnownFileType = file.storyboard; name = en; path = en.lproj/MainStoryboard.storyboard; sourceTree = "<group>"; };
		124DF10217DF55F900EB11C1 /* ViewController.h */ = {isa = PBXFileReference; lastKnownFileType = sourcecode.c.h; path = ViewController.h; sourceTree = "<group>"; };
		124DF10317DF55F900EB11C1 /* ViewController.m */ = {isa = PBXFileReference; lastKnownFileType = sourcecode.c.objc; path = ViewController.m; sourceTree = "<group>"; };
		124DF10B17DF5EA000EB11C1 /* 1Star.png */ = {isa = PBXFileReference; lastKnownFileType = image.png; path = 1Star.png; sourceTree = "<group>"; };
		124DF10C17DF5EA000EB11C1 /* 1Star@2x.png */ = {isa = PBXFileReference; lastKnownFileType = image.png; path = "1Star@2x.png"; sourceTree = "<group>"; };
		124DF10D17DF5EA000EB11C1 /* 1StarSmall.png */ = {isa = PBXFileReference; lastKnownFileType = image.png; path = 1StarSmall.png; sourceTree = "<group>"; };
		124DF10E17DF5EA000EB11C1 /* 1StarSmall@2x.png */ = {isa = PBXFileReference; lastKnownFileType = image.png; path = "1StarSmall@2x.png"; sourceTree = "<group>"; };
		124DF10F17DF5EA000EB11C1 /* 2Stars.png */ = {isa = PBXFileReference; lastKnownFileType = image.png; path = 2Stars.png; sourceTree = "<group>"; };
		124DF11017DF5EA000EB11C1 /* 2Stars@2x.png */ = {isa = PBXFileReference; lastKnownFileType = image.png; path = "2Stars@2x.png"; sourceTree = "<group>"; };
		124DF11117DF5EA000EB11C1 /* 2StarsSmall.png */ = {isa = PBXFileReference; lastKnownFileType = image.png; path = 2StarsSmall.png; sourceTree = "<group>"; };
		124DF11217DF5EA000EB11C1 /* 2StarsSmall@2x.png */ = {isa = PBXFileReference; lastKnownFileType = image.png; path = "2StarsSmall@2x.png"; sourceTree = "<group>"; };
		124DF11317DF5EA000EB11C1 /* 3Stars.png */ = {isa = PBXFileReference; lastKnownFileType = image.png; path = 3Stars.png; sourceTree = "<group>"; };
		124DF11417DF5EA000EB11C1 /* 3Stars@2x.png */ = {isa = PBXFileReference; lastKnownFileType = image.png; path = "3Stars@2x.png"; sourceTree = "<group>"; };
		124DF11517DF5EA000EB11C1 /* 3StarsSmall.png */ = {isa = PBXFileReference; lastKnownFileType = image.png; path = 3StarsSmall.png; sourceTree = "<group>"; };
		124DF11617DF5EA000EB11C1 /* 3StarsSmall@2x.png */ = {isa = PBXFileReference; lastKnownFileType = image.png; path = "3StarsSmall@2x.png"; sourceTree = "<group>"; };
		124DF11717DF5EA000EB11C1 /* 4Stars.png */ = {isa = PBXFileReference; lastKnownFileType = image.png; path = 4Stars.png; sourceTree = "<group>"; };
		124DF11817DF5EA000EB11C1 /* 4Stars@2x.png */ = {isa = PBXFileReference; lastKnownFileType = image.png; path = "4Stars@2x.png"; sourceTree = "<group>"; };
		124DF11917DF5EA000EB11C1 /* 4StarsSmall.png */ = {isa = PBXFileReference; lastKnownFileType = image.png; path = 4StarsSmall.png; sourceTree = "<group>"; };
		124DF11A17DF5EA000EB11C1 /* 4StarsSmall@2x.png */ = {isa = PBXFileReference; lastKnownFileType = image.png; path = "4StarsSmall@2x.png"; sourceTree = "<group>"; };
		124DF11B17DF5EA000EB11C1 /* 5Stars.png */ = {isa = PBXFileReference; lastKnownFileType = image.png; path = 5Stars.png; sourceTree = "<group>"; };
		124DF11C17DF5EA000EB11C1 /* 5Stars@2x.png */ = {isa = PBXFileReference; lastKnownFileType = image.png; path = "5Stars@2x.png"; sourceTree = "<group>"; };
		124DF11D17DF5EA000EB11C1 /* 5StarsSmall.png */ = {isa = PBXFileReference; lastKnownFileType = image.png; path = 5StarsSmall.png; sourceTree = "<group>"; };
		124DF11E17DF5EA000EB11C1 /* 5StarsSmall@2x.png */ = {isa = PBXFileReference; lastKnownFileType = image.png; path = "5StarsSmall@2x.png"; sourceTree = "<group>"; };
		124DF11F17DF5EA000EB11C1 /* Gestures.png */ = {isa = PBXFileReference; lastKnownFileType = image.png; path = Gestures.png; sourceTree = "<group>"; };
		124DF12017DF5EA000EB11C1 /* Gestures@2x.png */ = {isa = PBXFileReference; lastKnownFileType = image.png; path = "Gestures@2x.png"; sourceTree = "<group>"; };
		124DF12117DF5EA000EB11C1 /* Players.png */ = {isa = PBXFileReference; lastKnownFileType = image.png; path = Players.png; sourceTree = "<group>"; };
		124DF12217DF5EA000EB11C1 /* Players@2x.png */ = {isa = PBXFileReference; lastKnownFileType = image.png; path = "Players@2x.png"; sourceTree = "<group>"; };
		124DF13B17DF60F200EB11C1 /* PlayersViewController.h */ = {isa = PBXFileReference; fileEncoding = 4; lastKnownFileType = sourcecode.c.h; name = PlayersViewController.h; path = ../PlayersViewController.h; sourceTree = "<group>"; };
		124DF13C17DF60F200EB11C1 /* PlayersViewController.m */ = {isa = PBXFileReference; fileEncoding = 4; lastKnownFileType = sourcecode.c.objc; name = PlayersViewController.m; path = ../PlayersViewController.m; sourceTree = "<group>"; };
		124DF13E17DF61CD00EB11C1 /* Player.h */ = {isa = PBXFileReference; fileEncoding = 4; lastKnownFileType = sourcecode.c.h; path = Player.h; sourceTree = "<group>"; };
		124DF13F17DF61CD00EB11C1 /* Player.m */ = {isa = PBXFileReference; fileEncoding = 4; lastKnownFileType = sourcecode.c.objc; path = Player.m; sourceTree = "<group>"; };
		124DF14117DF73AA00EB11C1 /* PlayerCell.h */ = {isa = PBXFileReference; fileEncoding = 4; lastKnownFileType = sourcecode.c.h; path = PlayerCell.h; sourceTree = "<group>"; };
		124DF14217DF73AA00EB11C1 /* PlayerCell.m */ = {isa = PBXFileReference; fileEncoding = 4; lastKnownFileType = sourcecode.c.objc; path = PlayerCell.m; sourceTree = "<group>"; };
		124DF14417DF793900EB11C1 /* PlayerDetailsViewController.h */ = {isa = PBXFileReference; fileEncoding = 4; lastKnownFileType = sourcecode.c.h; path = PlayerDetailsViewController.h; sourceTree = "<group>"; };
		124DF14517DF793900EB11C1 /* PlayerDetailsViewController.m */ = {isa = PBXFileReference; fileEncoding = 4; lastKnownFileType = sourcecode.c.objc; path = PlayerDetailsViewController.m; sourceTree = "<group>"; };
		12F176C717E89EA40087CC5D /* MFSideMenu.h */ = {isa = PBXFileReference; fileEncoding = 4; lastKnownFileType = sourcecode.c.h; path = MFSideMenu.h; sourceTree = "<group>"; };
		12F176C817E89EA40087CC5D /* MFSideMenuContainerViewController.h */ = {isa = PBXFileReference; fileEncoding = 4; lastKnownFileType = sourcecode.c.h; path = MFSideMenuContainerViewController.h; sourceTree = "<group>"; };
		12F176C917E89EA40087CC5D /* MFSideMenuContainerViewController.m */ = {isa = PBXFileReference; fileEncoding = 4; lastKnownFileType = sourcecode.c.objc; path = MFSideMenuContainerViewController.m; sourceTree = "<group>"; };
		12F176CA17E89EA40087CC5D /* MFSideMenuShadow.h */ = {isa = PBXFileReference; fileEncoding = 4; lastKnownFileType = sourcecode.c.h; path = MFSideMenuShadow.h; sourceTree = "<group>"; };
		12F176CB17E89EA40087CC5D /* MFSideMenuShadow.m */ = {isa = PBXFileReference; fileEncoding = 4; lastKnownFileType = sourcecode.c.objc; path = MFSideMenuShadow.m; sourceTree = "<group>"; };
		12F176CC17E89EA40087CC5D /* UIViewController+MFSideMenuAdditions.h */ = {isa = PBXFileReference; fileEncoding = 4; lastKnownFileType = sourcecode.c.h; path = "UIViewController+MFSideMenuAdditions.h"; sourceTree = "<group>"; };
		12F176CD17E89EA40087CC5D /* UIViewController+MFSideMenuAdditions.m */ = {isa = PBXFileReference; fileEncoding = 4; lastKnownFileType = sourcecode.c.objc; path = "UIViewController+MFSideMenuAdditions.m"; sourceTree = "<group>"; };
/* End PBXFileReference section */

/* Begin PBXFrameworksBuildPhase section */
		124DF0E117DF55F900EB11C1 /* Frameworks */ = {
			isa = PBXFrameworksBuildPhase;
			buildActionMask = 2147483647;
			files = (
				120B324917E1F3560036CDF0 /* QuartzCore.framework in Frameworks */,
				124DF0E817DF55F900EB11C1 /* UIKit.framework in Frameworks */,
				124DF0EA17DF55F900EB11C1 /* Foundation.framework in Frameworks */,
				124DF0EC17DF55F900EB11C1 /* CoreGraphics.framework in Frameworks */,
			);
			runOnlyForDeploymentPostprocessing = 0;
		};
/* End PBXFrameworksBuildPhase section */

/* Begin PBXGroup section */
		124DF0DB17DF55F900EB11C1 = {
			isa = PBXGroup;
			children = (
				120B324817E1F3560036CDF0 /* QuartzCore.framework */,
				124DF0ED17DF55F900EB11C1 /* Ratings */,
				124DF0E617DF55F900EB11C1 /* Frameworks */,
				124DF0E517DF55F900EB11C1 /* Products */,
			);
			sourceTree = "<group>";
		};
		124DF0E517DF55F900EB11C1 /* Products */ = {
			isa = PBXGroup;
			children = (
				124DF0E417DF55F900EB11C1 /* Ratings.app */,
			);
			name = Products;
			sourceTree = "<group>";
		};
		124DF0E617DF55F900EB11C1 /* Frameworks */ = {
			isa = PBXGroup;
			children = (
				124DF0E717DF55F900EB11C1 /* UIKit.framework */,
				124DF0E917DF55F900EB11C1 /* Foundation.framework */,
				124DF0EB17DF55F900EB11C1 /* CoreGraphics.framework */,
			);
			name = Frameworks;
			sourceTree = "<group>";
		};
		124DF0ED17DF55F900EB11C1 /* Ratings */ = {
			isa = PBXGroup;
			children = (
				12F176C617E89EA40087CC5D /* MFSideMenu */,
				1204D5E417E34C6E004BBA73 /* AsyncImageView.h */,
				1204D5E517E34C6E004BBA73 /* AsyncImageView.m */,
				124DF13B17DF60F200EB11C1 /* PlayersViewController.h */,
				124DF13C17DF60F200EB11C1 /* PlayersViewController.m */,
				124DF10A17DF5EA000EB11C1 /* Images */,
				124DF0F617DF55F900EB11C1 /* AppDelegate.h */,
				124DF0F717DF55F900EB11C1 /* AppDelegate.m */,
				124DF0FF17DF55F900EB11C1 /* MainStoryboard.storyboard */,
				124DF10217DF55F900EB11C1 /* ViewController.h */,
				124DF10317DF55F900EB11C1 /* ViewController.m */,
				124DF0EE17DF55F900EB11C1 /* Supporting Files */,
				124DF13E17DF61CD00EB11C1 /* Player.h */,
				124DF13F17DF61CD00EB11C1 /* Player.m */,
				124DF14117DF73AA00EB11C1 /* PlayerCell.h */,
				124DF14217DF73AA00EB11C1 /* PlayerCell.m */,
				124DF14417DF793900EB11C1 /* PlayerDetailsViewController.h */,
				124DF14517DF793900EB11C1 /* PlayerDetailsViewController.m */,
				1244BDD817E05C87001D610D /* GamePickerViewController.h */,
				1244BDD917E05C87001D610D /* GamePickerViewController.m */,
				1244BDDB17E099A6001D610D /* PDetailViewController.h */,
				1244BDDC17E099A6001D610D /* PDetailViewController.m */,
			);
			path = Ratings;
			sourceTree = "<group>";
		};
		124DF0EE17DF55F900EB11C1 /* Supporting Files */ = {
			isa = PBXGroup;
			children = (
				124DF0EF17DF55F900EB11C1 /* Ratings-Info.plist */,
				124DF0F017DF55F900EB11C1 /* InfoPlist.strings */,
				124DF0F317DF55F900EB11C1 /* main.m */,
				124DF0F517DF55F900EB11C1 /* Ratings-Prefix.pch */,
				124DF0F917DF55F900EB11C1 /* Default.png */,
				124DF0FB17DF55F900EB11C1 /* Default@2x.png */,
				124DF0FD17DF55F900EB11C1 /* Default-568h@2x.png */,
			);
			name = "Supporting Files";
			sourceTree = "<group>";
		};
		124DF10A17DF5EA000EB11C1 /* Images */ = {
			isa = PBXGroup;
			children = (
				124DF10B17DF5EA000EB11C1 /* 1Star.png */,
				124DF10C17DF5EA000EB11C1 /* 1Star@2x.png */,
				124DF10D17DF5EA000EB11C1 /* 1StarSmall.png */,
				124DF10E17DF5EA000EB11C1 /* 1StarSmall@2x.png */,
				124DF10F17DF5EA000EB11C1 /* 2Stars.png */,
				124DF11017DF5EA000EB11C1 /* 2Stars@2x.png */,
				124DF11117DF5EA000EB11C1 /* 2StarsSmall.png */,
				124DF11217DF5EA000EB11C1 /* 2StarsSmall@2x.png */,
				124DF11317DF5EA000EB11C1 /* 3Stars.png */,
				124DF11417DF5EA000EB11C1 /* 3Stars@2x.png */,
				124DF11517DF5EA000EB11C1 /* 3StarsSmall.png */,
				124DF11617DF5EA000EB11C1 /* 3StarsSmall@2x.png */,
				124DF11717DF5EA000EB11C1 /* 4Stars.png */,
				124DF11817DF5EA000EB11C1 /* 4Stars@2x.png */,
				124DF11917DF5EA000EB11C1 /* 4StarsSmall.png */,
				124DF11A17DF5EA000EB11C1 /* 4StarsSmall@2x.png */,
				124DF11B17DF5EA000EB11C1 /* 5Stars.png */,
				124DF11C17DF5EA000EB11C1 /* 5Stars@2x.png */,
				124DF11D17DF5EA000EB11C1 /* 5StarsSmall.png */,
				124DF11E17DF5EA000EB11C1 /* 5StarsSmall@2x.png */,
				124DF11F17DF5EA000EB11C1 /* Gestures.png */,
				124DF12017DF5EA000EB11C1 /* Gestures@2x.png */,
				124DF12117DF5EA000EB11C1 /* Players.png */,
				124DF12217DF5EA000EB11C1 /* Players@2x.png */,
			);
			path = Images;
			sourceTree = "<group>";
		};
		12F176C617E89EA40087CC5D /* MFSideMenu */ = {
			isa = PBXGroup;
			children = (
				12F176C717E89EA40087CC5D /* MFSideMenu.h */,
				12F176C817E89EA40087CC5D /* MFSideMenuContainerViewController.h */,
				12F176C917E89EA40087CC5D /* MFSideMenuContainerViewController.m */,
				12F176CA17E89EA40087CC5D /* MFSideMenuShadow.h */,
				12F176CB17E89EA40087CC5D /* MFSideMenuShadow.m */,
				12F176CC17E89EA40087CC5D /* UIViewController+MFSideMenuAdditions.h */,
				12F176CD17E89EA40087CC5D /* UIViewController+MFSideMenuAdditions.m */,
			);
			path = MFSideMenu;
			sourceTree = "<group>";
		};
/* End PBXGroup section */

/* Begin PBXNativeTarget section */
		124DF0E317DF55F900EB11C1 /* Ratings */ = {
			isa = PBXNativeTarget;
			buildConfigurationList = 124DF10717DF55F900EB11C1 /* Build configuration list for PBXNativeTarget "Ratings" */;
			buildPhases = (
				124DF0E017DF55F900EB11C1 /* Sources */,
				124DF0E117DF55F900EB11C1 /* Frameworks */,
				124DF0E217DF55F900EB11C1 /* Resources */,
			);
			buildRules = (
			);
			dependencies = (
			);
			name = Ratings;
			productName = Ratings;
			productReference = 124DF0E417DF55F900EB11C1 /* Ratings.app */;
			productType = "com.apple.product-type.application";
		};
/* End PBXNativeTarget section */

/* Begin PBXProject section */
		124DF0DC17DF55F900EB11C1 /* Project object */ = {
			isa = PBXProject;
			attributes = {
				LastUpgradeCheck = 0460;
				ORGANIZATIONNAME = Gludis;
			};
			buildConfigurationList = 124DF0DF17DF55F900EB11C1 /* Build configuration list for PBXProject "Ratings" */;
			compatibilityVersion = "Xcode 3.2";
			developmentRegion = English;
			hasScannedForEncodings = 0;
			knownRegions = (
				en,
			);
			mainGroup = 124DF0DB17DF55F900EB11C1;
			productRefGroup = 124DF0E517DF55F900EB11C1 /* Products */;
			projectDirPath = "";
			projectRoot = "";
			targets = (
				124DF0E317DF55F900EB11C1 /* Ratings */,
			);
		};
/* End PBXProject section */

/* Begin PBXResourcesBuildPhase section */
		124DF0E217DF55F900EB11C1 /* Resources */ = {
			isa = PBXResourcesBuildPhase;
			buildActionMask = 2147483647;
			files = (
				124DF0F217DF55F900EB11C1 /* InfoPlist.strings in Resources */,
				124DF0FA17DF55F900EB11C1 /* Default.png in Resources */,
				124DF0FC17DF55F900EB11C1 /* Default@2x.png in Resources */,
				124DF0FE17DF55F900EB11C1 /* Default-568h@2x.png in Resources */,
				124DF10117DF55F900EB11C1 /* MainStoryboard.storyboard in Resources */,
				124DF12317DF5EA000EB11C1 /* 1Star.png in Resources */,
				124DF12417DF5EA000EB11C1 /* 1Star@2x.png in Resources */,
				124DF12517DF5EA000EB11C1 /* 1StarSmall.png in Resources */,
				124DF12617DF5EA000EB11C1 /* 1StarSmall@2x.png in Resources */,
				124DF12717DF5EA000EB11C1 /* 2Stars.png in Resources */,
				124DF12817DF5EA000EB11C1 /* 2Stars@2x.png in Resources */,
				124DF12917DF5EA000EB11C1 /* 2StarsSmall.png in Resources */,
				124DF12A17DF5EA000EB11C1 /* 2StarsSmall@2x.png in Resources */,
				124DF12B17DF5EA000EB11C1 /* 3Stars.png in Resources */,
				124DF12C17DF5EA000EB11C1 /* 3Stars@2x.png in Resources */,
				124DF12D17DF5EA000EB11C1 /* 3StarsSmall.png in Resources */,
				124DF12E17DF5EA000EB11C1 /* 3StarsSmall@2x.png in Resources */,
				124DF12F17DF5EA000EB11C1 /* 4Stars.png in Resources */,
				124DF13017DF5EA000EB11C1 /* 4Stars@2x.png in Resources */,
				124DF13117DF5EA000EB11C1 /* 4StarsSmall.png in Resources */,
				124DF13217DF5EA000EB11C1 /* 4StarsSmall@2x.png in Resources */,
				124DF13317DF5EA000EB11C1 /* 5Stars.png in Resources */,
				124DF13417DF5EA000EB11C1 /* 5Stars@2x.png in Resources */,
				124DF13517DF5EA000EB11C1 /* 5StarsSmall.png in Resources */,
				124DF13617DF5EA000EB11C1 /* 5StarsSmall@2x.png in Resources */,
				124DF13717DF5EA000EB11C1 /* Gestures.png in Resources */,
				124DF13817DF5EA000EB11C1 /* Gestures@2x.png in Resources */,
				124DF13917DF5EA000EB11C1 /* Players.png in Resources */,
				124DF13A17DF5EA000EB11C1 /* Players@2x.png in Resources */,
			);
			runOnlyForDeploymentPostprocessing = 0;
		};
/* End PBXResourcesBuildPhase section */

/* Begin PBXSourcesBuildPhase section */
		124DF0E017DF55F900EB11C1 /* Sources */ = {
			isa = PBXSourcesBuildPhase;
			buildActionMask = 2147483647;
			files = (
				124DF0F417DF55F900EB11C1 /* main.m in Sources */,
				124DF0F817DF55F900EB11C1 /* AppDelegate.m in Sources */,
				124DF10417DF55F900EB11C1 /* ViewController.m in Sources */,
				124DF13D17DF60F200EB11C1 /* PlayersViewController.m in Sources */,
				124DF14017DF61CD00EB11C1 /* Player.m in Sources */,
				124DF14317DF73AA00EB11C1 /* PlayerCell.m in Sources */,
				124DF14617DF793900EB11C1 /* PlayerDetailsViewController.m in Sources */,
				1244BDDA17E05C87001D610D /* GamePickerViewController.m in Sources */,
				1244BDDD17E099A6001D610D /* PDetailViewController.m in Sources */,
				1204D5E617E34C6E004BBA73 /* AsyncImageView.m in Sources */,
				12F176CE17E89EA40087CC5D /* MFSideMenuContainerViewController.m in Sources */,
				12F176CF17E89EA40087CC5D /* MFSideMenuShadow.m in Sources */,
				12F176D017E89EA40087CC5D /* UIViewController+MFSideMenuAdditions.m in Sources */,
			);
			runOnlyForDeploymentPostprocessing = 0;
		};
/* End PBXSourcesBuildPhase section */

/* Begin PBXVariantGroup section */
		124DF0F017DF55F900EB11C1 /* InfoPlist.strings */ = {
			isa = PBXVariantGroup;
			children = (
				124DF0F117DF55F900EB11C1 /* en */,
			);
			name = InfoPlist.strings;
			sourceTree = "<group>";
		};
		124DF0FF17DF55F900EB11C1 /* MainStoryboard.storyboard */ = {
			isa = PBXVariantGroup;
			children = (
				124DF10017DF55F900EB11C1 /* en */,
			);
			name = MainStoryboard.storyboard;
			sourceTree = "<group>";
		};
/* End PBXVariantGroup section */

/* Begin XCBuildConfiguration section */
		124DF10517DF55F900EB11C1 /* Debug */ = {
			isa = XCBuildConfiguration;
			buildSettings = {
				ALWAYS_SEARCH_USER_PATHS = NO;
				CLANG_CXX_LANGUAGE_STANDARD = "gnu++0x";
				CLANG_CXX_LIBRARY = "libc++";
				CLANG_ENABLE_OBJC_ARC = YES;
				CLANG_WARN_CONSTANT_CONVERSION = YES;
				CLANG_WARN_EMPTY_BODY = YES;
				CLANG_WARN_ENUM_CONVERSION = YES;
				CLANG_WARN_INT_CONVERSION = YES;
				CLANG_WARN__DUPLICATE_METHOD_MATCH = YES;
				"CODE_SIGN_IDENTITY[sdk=iphoneos*]" = "iPhone Developer";
				COPY_PHASE_STRIP = NO;
				GCC_C_LANGUAGE_STANDARD = gnu99;
				GCC_DYNAMIC_NO_PIC = NO;
				GCC_OPTIMIZATION_LEVEL = 0;
				GCC_PREPROCESSOR_DEFINITIONS = (
					"DEBUG=1",
					"$(inherited)",
				);
				GCC_SYMBOLS_PRIVATE_EXTERN = NO;
				GCC_WARN_ABOUT_RETURN_TYPE = YES;
				GCC_WARN_UNINITIALIZED_AUTOS = YES;
				GCC_WARN_UNUSED_VARIABLE = YES;
				IPHONEOS_DEPLOYMENT_TARGET = 6.1;
				ONLY_ACTIVE_ARCH = YES;
				SDKROOT = iphoneos;
			};
			name = Debug;
		};
		124DF10617DF55F900EB11C1 /* Release */ = {
			isa = XCBuildConfiguration;
			buildSettings = {
				ALWAYS_SEARCH_USER_PATHS = NO;
				CLANG_CXX_LANGUAGE_STANDARD = "gnu++0x";
				CLANG_CXX_LIBRARY = "libc++";
				CLANG_ENABLE_OBJC_ARC = YES;
				CLANG_WARN_CONSTANT_CONVERSION = YES;
				CLANG_WARN_EMPTY_BODY = YES;
				CLANG_WARN_ENUM_CONVERSION = YES;
				CLANG_WARN_INT_CONVERSION = YES;
				CLANG_WARN__DUPLICATE_METHOD_MATCH = YES;
				"CODE_SIGN_IDENTITY[sdk=iphoneos*]" = "iPhone Developer";
				COPY_PHASE_STRIP = YES;
				GCC_C_LANGUAGE_STANDARD = gnu99;
				GCC_WARN_ABOUT_RETURN_TYPE = YES;
				GCC_WARN_UNINITIALIZED_AUTOS = YES;
				GCC_WARN_UNUSED_VARIABLE = YES;
				IPHONEOS_DEPLOYMENT_TARGET = 6.1;
				OTHER_CFLAGS = "-DNS_BLOCK_ASSERTIONS=1";
				SDKROOT = iphoneos;
				VALIDATE_PRODUCT = YES;
			};
			name = Release;
		};
		124DF10817DF55F900EB11C1 /* Debug */ = {
			isa = XCBuildConfiguration;
			buildSettings = {
				GCC_PRECOMPILE_PREFIX_HEADER = YES;
				GCC_PREFIX_HEADER = "Ratings/Ratings-Prefix.pch";
				INFOPLIST_FILE = "Ratings/Ratings-Info.plist";
				PRODUCT_NAME = "$(TARGET_NAME)";
				WRAPPER_EXTENSION = app;
			};
			name = Debug;
		};
		124DF10917DF55F900EB11C1 /* Release */ = {
			isa = XCBuildConfiguration;
			buildSettings = {
				GCC_PRECOMPILE_PREFIX_HEADER = YES;
				GCC_PREFIX_HEADER = "Ratings/Ratings-Prefix.pch";
				INFOPLIST_FILE = "Ratings/Ratings-Info.plist";
				PRODUCT_NAME = "$(TARGET_NAME)";
				WRAPPER_EXTENSION = app;
			};
			name = Release;
		};
/* End XCBuildConfiguration section */

/* Begin XCConfigurationList section */
		124DF0DF17DF55F900EB11C1 /* Build configuration list for PBXProject "Ratings" */ = {
			isa = XCConfigurationList;
			buildConfigurations = (
				124DF10517DF55F900EB11C1 /* Debug */,
				124DF10617DF55F900EB11C1 /* Release */,
			);
			defaultConfigurationIsVisible = 0;
			defaultConfigurationName = Release;
		};
		124DF10717DF55F900EB11C1 /* Build configuration list for PBXNativeTarget "Ratings" */ = {
			isa = XCConfigurationList;
			buildConfigurations = (
				124DF10817DF55F900EB11C1 /* Debug */,
				124DF10917DF55F900EB11C1 /* Release */,
			);
			defaultConfigurationIsVisible = 0;
			defaultConfigurationName = Release;
		};
/* End XCConfigurationList section */
	};
	rootObject = 124DF0DC17DF55F900EB11C1 /* Project object */;
}
